// !$*UTF8*$!
{
	archiveVersion = 1;
	classes = {
	};
	objectVersion = 46;
	objects = {

/* Begin PBXBuildFile section */
		EB004CD61443E3EE00CF281E /* CaixaSensoresViewController.m in Sources */ = {isa = PBXBuildFile; fileRef = EB004CD41443E3ED00CF281E /* CaixaSensoresViewController.m */; };
		EB004CD71443E3EE00CF281E /* CaixaSensoresViewController.xib in Resources */ = {isa = PBXBuildFile; fileRef = EB004CD51443E3ED00CF281E /* CaixaSensoresViewController.xib */; };
		EB004CE31443E73700CF281E /* 128-HardwareChip.png in Resources */ = {isa = PBXBuildFile; fileRef = EB004CDF1443E73700CF281E /* 128-HardwareChip.png */; };
		EB004CE41443E73700CF281E /* 128-sensors-applet.png in Resources */ = {isa = PBXBuildFile; fileRef = EB004CE01443E73700CF281E /* 128-sensors-applet.png */; };
		EB004CE51443E73700CF281E /* 128-traffic_lights.png in Resources */ = {isa = PBXBuildFile; fileRef = EB004CE11443E73700CF281E /* 128-traffic_lights.png */; };
		EB004D0714446ED200CF281E /* 48-HardwareChip.png in Resources */ = {isa = PBXBuildFile; fileRef = EB004D0614446ED200CF281E /* 48-HardwareChip.png */; };
		EB1E8317154C222E00A8694F /* 48-blue-rotate.png in Resources */ = {isa = PBXBuildFile; fileRef = EB1E8316154C222E00A8694F /* 48-blue-rotate.png */; };
		EB1E831B154C260D00A8694F /* SimuladorViewController.m in Sources */ = {isa = PBXBuildFile; fileRef = EB1E8319154C260D00A8694F /* SimuladorViewController.m */; };
		EB1E831C154C260D00A8694F /* SimuladorViewController.xib in Resources */ = {isa = PBXBuildFile; fileRef = EB1E831A154C260D00A8694F /* SimuladorViewController.xib */; };
		EB2CCA7B154B944000732540 /* MapKit.framework in Frameworks */ = {isa = PBXBuildFile; fileRef = EB2CCA7A154B944000732540 /* MapKit.framework */; };
		EB2CCA7D154B944600732540 /* CoreLocation.framework in Frameworks */ = {isa = PBXBuildFile; fileRef = EB2CCA7C154B944600732540 /* CoreLocation.framework */; };
		EB2CCA91154B980500732540 /* ViewControllerDataBuilder.m in Sources */ = {isa = PBXBuildFile; fileRef = EB2CCA90154B980500732540 /* ViewControllerDataBuilder.m */; };
		EB2CCA94154B9D1500732540 /* ComandosOpcoesController.m in Sources */ = {isa = PBXBuildFile; fileRef = EB2CCA92154B9C6100732540 /* ComandosOpcoesController.m */; };
		EB2DE0E1144B57D5005FC8AC /* Settings.bundle in Resources */ = {isa = PBXBuildFile; fileRef = EB2DE0E0144B57D5005FC8AC /* Settings.bundle */; };
		EB2DE120144B5E1F005FC8AC /* CompiladorViewController.m in Sources */ = {isa = PBXBuildFile; fileRef = EB2DE11E144B5E1F005FC8AC /* CompiladorViewController.m */; };
		EB2DE121144B5E1F005FC8AC /* CompiladorViewController.xib in Resources */ = {isa = PBXBuildFile; fileRef = EB2DE11F144B5E1F005FC8AC /* CompiladorViewController.xib */; };
		EB3FA2EC13F9CB59009975E5 /* UIKit.framework in Frameworks */ = {isa = PBXBuildFile; fileRef = EB3FA2EB13F9CB59009975E5 /* UIKit.framework */; };
		EB3FA2EE13F9CB59009975E5 /* Foundation.framework in Frameworks */ = {isa = PBXBuildFile; fileRef = EB3FA2ED13F9CB59009975E5 /* Foundation.framework */; };
		EB3FA2F013F9CB59009975E5 /* CoreGraphics.framework in Frameworks */ = {isa = PBXBuildFile; fileRef = EB3FA2EF13F9CB59009975E5 /* CoreGraphics.framework */; };
		EB3FA2F613F9CB59009975E5 /* InfoPlist.strings in Resources */ = {isa = PBXBuildFile; fileRef = EB3FA2F413F9CB59009975E5 /* InfoPlist.strings */; };
		EB3FA2F913F9CB59009975E5 /* main.m in Sources */ = {isa = PBXBuildFile; fileRef = EB3FA2F813F9CB59009975E5 /* main.m */; };
		EB3FA2FC13F9CB59009975E5 /* RobosAppDelegate.m in Sources */ = {isa = PBXBuildFile; fileRef = EB3FA2FB13F9CB59009975E5 /* RobosAppDelegate.m */; };
		EB3FA2FF13F9CB59009975E5 /* MainWindow.xib in Resources */ = {isa = PBXBuildFile; fileRef = EB3FA2FD13F9CB59009975E5 /* MainWindow.xib */; };
		EB3FA30213F9CB59009975E5 /* RobosViewController.m in Sources */ = {isa = PBXBuildFile; fileRef = EB3FA30113F9CB59009975E5 /* RobosViewController.m */; };
		EB3FA30513F9CB59009975E5 /* RobosViewController.xib in Resources */ = {isa = PBXBuildFile; fileRef = EB3FA30313F9CB59009975E5 /* RobosViewController.xib */; };
		EB3FA32913F9D517009975E5 /* CaixaViewController.m in Sources */ = {isa = PBXBuildFile; fileRef = EB3FA32713F9D517009975E5 /* CaixaViewController.m */; };
		EB3FA32A13F9D517009975E5 /* CaixaViewController.xib in Resources */ = {isa = PBXBuildFile; fileRef = EB3FA32813F9D517009975E5 /* CaixaViewController.xib */; };
		EB3FA34C13F9D9E9009975E5 /* QuartzCore.framework in Frameworks */ = {isa = PBXBuildFile; fileRef = EB3FA34B13F9D9E9009975E5 /* QuartzCore.framework */; };
		EB41753E13FAA93E008D8343 /* ValorOpcoesController.m in Sources */ = {isa = PBXBuildFile; fileRef = EB41753D13FAA93E008D8343 /* ValorOpcoesController.m */; };
		EB4B8E141448D09D0070DBD7 /* 48-warning.png in Resources */ = {isa = PBXBuildFile; fileRef = EB4B8E111448D09D0070DBD7 /* 48-warning.png */; };
		EB4B8E151448D09D0070DBD7 /* 48-help.png in Resources */ = {isa = PBXBuildFile; fileRef = EB4B8E121448D09D0070DBD7 /* 48-help.png */; };
		EB4B8E161448D09D0070DBD7 /* 48-cancel.png in Resources */ = {isa = PBXBuildFile; fileRef = EB4B8E131448D09D0070DBD7 /* 48-cancel.png */; };
		EB4B8E2E1448D0D00070DBD7 /* 48-arrow-right.png in Resources */ = {isa = PBXBuildFile; fileRef = EB4B8E201448D0D00070DBD7 /* 48-arrow-right.png */; };
		EB4B8E2F1448D0D00070DBD7 /* 48-arrow-up.png in Resources */ = {isa = PBXBuildFile; fileRef = EB4B8E211448D0D00070DBD7 /* 48-arrow-up.png */; };
		EB4B8E301448D0D00070DBD7 /* 48-badge-minus.png in Resources */ = {isa = PBXBuildFile; fileRef = EB4B8E221448D0D00070DBD7 /* 48-badge-minus.png */; };
		EB4B8E321448D0D00070DBD7 /* 48-arrow-down.png in Resources */ = {isa = PBXBuildFile; fileRef = EB4B8E241448D0D00070DBD7 /* 48-arrow-down.png */; };
		EB4B8E331448D0D00070DBD7 /* 48-arrow-left.png in Resources */ = {isa = PBXBuildFile; fileRef = EB4B8E251448D0D00070DBD7 /* 48-arrow-left.png */; };
		EB5E69D1154E41A8005F3C15 /* GraphViewController.m in Sources */ = {isa = PBXBuildFile; fileRef = EB5E69CF154E40B3005F3C15 /* GraphViewController.m */; };
		EB5E69D2154E4C0C005F3C15 /* GraphViewController.xib in Resources */ = {isa = PBXBuildFile; fileRef = EB5E69D0154E40B3005F3C15 /* GraphViewController.xib */; };
		EBB6981B14081FBD00D87E0F /* CondicionalController.m in Sources */ = {isa = PBXBuildFile; fileRef = EBB6981A14081FBD00D87E0F /* CondicionalController.m */; };
		EBC1D0E5154D0D2600E9C13E /* CondicionalController.xib in Resources */ = {isa = PBXBuildFile; fileRef = EBC1D0E4154D0D2600E9C13E /* CondicionalController.xib */; };
		EBC1D0E9154D10D500E9C13E /* Localizable.strings in Resources */ = {isa = PBXBuildFile; fileRef = EBC1D0EB154D10D500E9C13E /* Localizable.strings */; };
		EBC1D112154D175D00E9C13E /* libCorePlot-CocoaTouch.a in Frameworks */ = {isa = PBXBuildFile; fileRef = EBC1D10A154D171B00E9C13E /* libCorePlot-CocoaTouch.a */; };
		EBC1D16A154D179A00E9C13E /* libCorePlot-CocoaTouch.a in Frameworks */ = {isa = PBXBuildFile; fileRef = EBC1D169154D179A00E9C13E /* libCorePlot-CocoaTouch.a */; };
		EBD1EE8F13FAC0AF004FEDFC /* UnidadeOpcoesController.m in Sources */ = {isa = PBXBuildFile; fileRef = EBD1EE8E13FAC0AF004FEDFC /* UnidadeOpcoesController.m */; };
		EBD35F97147BB9E300AB65EF /* 57-Lionel_Preacherbot.png in Resources */ = {isa = PBXBuildFile; fileRef = EBD35F95147BB9E300AB65EF /* 57-Lionel_Preacherbot.png */; };
		EBD35F98147BB9E300AB65EF /* 114-Lionel_Preacherbot.png in Resources */ = {isa = PBXBuildFile; fileRef = EBD35F96147BB9E300AB65EF /* 114-Lionel_Preacherbot.png */; };
		EBD91BD7144D22B800137C04 /* 48-badge-check.png in Resources */ = {isa = PBXBuildFile; fileRef = EBD91BD5144D22B800137C04 /* 48-badge-check.png */; };
		EBD91BD8144D22B800137C04 /* 48-badge-cross.png in Resources */ = {isa = PBXBuildFile; fileRef = EBD91BD6144D22B800137C04 /* 48-badge-cross.png */; };
/* End PBXBuildFile section */

/* Begin PBXContainerItemProxy section */
		EBC1D109154D171B00E9C13E /* PBXContainerItemProxy */ = {
			isa = PBXContainerItemProxy;
			containerPortal = EBC1D100154D171B00E9C13E /* CorePlot-CocoaTouch.xcodeproj */;
			proxyType = 2;
			remoteGlobalIDString = BC9B83470FB8A0A40035D8DA;
			remoteInfo = "CorePlot-CocoaTouch";
		};
		EBC1D110154D175300E9C13E /* PBXContainerItemProxy */ = {
			isa = PBXContainerItemProxy;
			containerPortal = EBC1D100154D171B00E9C13E /* CorePlot-CocoaTouch.xcodeproj */;
			proxyType = 1;
			remoteGlobalIDString = BC9B83460FB8A0A40035D8DA;
			remoteInfo = "CorePlot-CocoaTouch";
		};
/* End PBXContainerItemProxy section */

/* Begin PBXFileReference section */
		EB004CD31443E3ED00CF281E /* CaixaSensoresViewController.h */ = {isa = PBXFileReference; fileEncoding = 4; lastKnownFileType = sourcecode.c.h; path = CaixaSensoresViewController.h; sourceTree = "<group>"; };
		EB004CD41443E3ED00CF281E /* CaixaSensoresViewController.m */ = {isa = PBXFileReference; fileEncoding = 4; lastKnownFileType = sourcecode.c.objc; path = CaixaSensoresViewController.m; sourceTree = "<group>"; };
		EB004CD51443E3ED00CF281E /* CaixaSensoresViewController.xib */ = {isa = PBXFileReference; fileEncoding = 4; lastKnownFileType = file.xib; name = CaixaSensoresViewController.xib; path = Robos/CaixaSensoresViewController.xib; sourceTree = "<group>"; };
		EB004CDF1443E73700CF281E /* 128-HardwareChip.png */ = {isa = PBXFileReference; lastKnownFileType = image.png; path = "128-HardwareChip.png"; sourceTree = "<group>"; };
		EB004CE01443E73700CF281E /* 128-sensors-applet.png */ = {isa = PBXFileReference; lastKnownFileType = image.png; path = "128-sensors-applet.png"; sourceTree = "<group>"; };
		EB004CE11443E73700CF281E /* 128-traffic_lights.png */ = {isa = PBXFileReference; lastKnownFileType = image.png; path = "128-traffic_lights.png"; sourceTree = "<group>"; };
		EB004D0614446ED200CF281E /* 48-HardwareChip.png */ = {isa = PBXFileReference; lastKnownFileType = image.png; path = "48-HardwareChip.png"; sourceTree = "<group>"; };
		EB1E8316154C222E00A8694F /* 48-blue-rotate.png */ = {isa = PBXFileReference; lastKnownFileType = image.png; path = "48-blue-rotate.png"; sourceTree = "<group>"; };
		EB1E8318154C260D00A8694F /* SimuladorViewController.h */ = {isa = PBXFileReference; fileEncoding = 4; lastKnownFileType = sourcecode.c.h; path = SimuladorViewController.h; sourceTree = "<group>"; };
		EB1E8319154C260D00A8694F /* SimuladorViewController.m */ = {isa = PBXFileReference; fileEncoding = 4; lastKnownFileType = sourcecode.c.objc; path = SimuladorViewController.m; sourceTree = "<group>"; };
		EB1E831A154C260D00A8694F /* SimuladorViewController.xib */ = {isa = PBXFileReference; fileEncoding = 4; lastKnownFileType = file.xib; name = SimuladorViewController.xib; path = Robos/SimuladorViewController.xib; sourceTree = "<group>"; };
		EB2CCA7A154B944000732540 /* MapKit.framework */ = {isa = PBXFileReference; lastKnownFileType = wrapper.framework; name = MapKit.framework; path = System/Library/Frameworks/MapKit.framework; sourceTree = SDKROOT; };
		EB2CCA7C154B944600732540 /* CoreLocation.framework */ = {isa = PBXFileReference; lastKnownFileType = wrapper.framework; name = CoreLocation.framework; path = System/Library/Frameworks/CoreLocation.framework; sourceTree = SDKROOT; };
		EB2CCA8F154B980500732540 /* ViewControllerDataBuilder.h */ = {isa = PBXFileReference; fileEncoding = 4; lastKnownFileType = sourcecode.c.h; path = ViewControllerDataBuilder.h; sourceTree = "<group>"; };
		EB2CCA90154B980500732540 /* ViewControllerDataBuilder.m */ = {isa = PBXFileReference; fileEncoding = 4; lastKnownFileType = sourcecode.c.objc; path = ViewControllerDataBuilder.m; sourceTree = "<group>"; };
		EB2CCA92154B9C6100732540 /* ComandosOpcoesController.m */ = {isa = PBXFileReference; lastKnownFileType = sourcecode.c.objc; path = ComandosOpcoesController.m; sourceTree = "<group>"; };
		EB2CCA93154B9C6200732540 /* ComandosOpcoesController.h */ = {isa = PBXFileReference; lastKnownFileType = sourcecode.c.h; path = ComandosOpcoesController.h; sourceTree = "<group>"; };
		EB2DE0E0144B57D5005FC8AC /* Settings.bundle */ = {isa = PBXFileReference; lastKnownFileType = "wrapper.plug-in"; path = Settings.bundle; sourceTree = "<group>"; };
		EB2DE11D144B5E1F005FC8AC /* CompiladorViewController.h */ = {isa = PBXFileReference; fileEncoding = 4; lastKnownFileType = sourcecode.c.h; path = CompiladorViewController.h; sourceTree = "<group>"; };
		EB2DE11E144B5E1F005FC8AC /* CompiladorViewController.m */ = {isa = PBXFileReference; fileEncoding = 4; lastKnownFileType = sourcecode.c.objc; path = CompiladorViewController.m; sourceTree = "<group>"; };
		EB2DE11F144B5E1F005FC8AC /* CompiladorViewController.xib */ = {isa = PBXFileReference; fileEncoding = 4; lastKnownFileType = file.xib; name = CompiladorViewController.xib; path = Robos/CompiladorViewController.xib; sourceTree = "<group>"; };
		EB3FA2E713F9CB59009975E5 /* Robos.app */ = {isa = PBXFileReference; explicitFileType = wrapper.application; includeInIndex = 0; path = Robos.app; sourceTree = BUILT_PRODUCTS_DIR; };
		EB3FA2EB13F9CB59009975E5 /* UIKit.framework */ = {isa = PBXFileReference; lastKnownFileType = wrapper.framework; name = UIKit.framework; path = System/Library/Frameworks/UIKit.framework; sourceTree = SDKROOT; };
		EB3FA2ED13F9CB59009975E5 /* Foundation.framework */ = {isa = PBXFileReference; lastKnownFileType = wrapper.framework; name = Foundation.framework; path = System/Library/Frameworks/Foundation.framework; sourceTree = SDKROOT; };
		EB3FA2EF13F9CB59009975E5 /* CoreGraphics.framework */ = {isa = PBXFileReference; lastKnownFileType = wrapper.framework; name = CoreGraphics.framework; path = System/Library/Frameworks/CoreGraphics.framework; sourceTree = SDKROOT; };
		EB3FA2F313F9CB59009975E5 /* Robos-Info.plist */ = {isa = PBXFileReference; lastKnownFileType = text.plist.xml; path = "Robos-Info.plist"; sourceTree = "<group>"; };
		EB3FA2F513F9CB59009975E5 /* en */ = {isa = PBXFileReference; lastKnownFileType = text.plist.strings; name = en; path = en.lproj/InfoPlist.strings; sourceTree = "<group>"; };
		EB3FA2F713F9CB59009975E5 /* Robos-Prefix.pch */ = {isa = PBXFileReference; lastKnownFileType = sourcecode.c.h; path = "Robos-Prefix.pch"; sourceTree = "<group>"; };
		EB3FA2F813F9CB59009975E5 /* main.m */ = {isa = PBXFileReference; lastKnownFileType = sourcecode.c.objc; path = main.m; sourceTree = "<group>"; };
		EB3FA2FA13F9CB59009975E5 /* RobosAppDelegate.h */ = {isa = PBXFileReference; lastKnownFileType = sourcecode.c.h; path = RobosAppDelegate.h; sourceTree = "<group>"; };
		EB3FA2FB13F9CB59009975E5 /* RobosAppDelegate.m */ = {isa = PBXFileReference; lastKnownFileType = sourcecode.c.objc; path = RobosAppDelegate.m; sourceTree = "<group>"; };
		EB3FA2FE13F9CB59009975E5 /* en */ = {isa = PBXFileReference; lastKnownFileType = file.xib; name = en; path = en.lproj/MainWindow.xib; sourceTree = "<group>"; };
		EB3FA30013F9CB59009975E5 /* RobosViewController.h */ = {isa = PBXFileReference; lastKnownFileType = sourcecode.c.h; path = RobosViewController.h; sourceTree = "<group>"; };
		EB3FA30113F9CB59009975E5 /* RobosViewController.m */ = {isa = PBXFileReference; lastKnownFileType = sourcecode.c.objc; path = RobosViewController.m; sourceTree = "<group>"; };
		EB3FA30413F9CB59009975E5 /* en */ = {isa = PBXFileReference; lastKnownFileType = file.xib; name = en; path = en.lproj/RobosViewController.xib; sourceTree = "<group>"; };
		EB3FA32613F9D517009975E5 /* CaixaViewController.h */ = {isa = PBXFileReference; fileEncoding = 4; lastKnownFileType = sourcecode.c.h; path = CaixaViewController.h; sourceTree = "<group>"; };
		EB3FA32713F9D517009975E5 /* CaixaViewController.m */ = {isa = PBXFileReference; fileEncoding = 4; lastKnownFileType = sourcecode.c.objc; path = CaixaViewController.m; sourceTree = "<group>"; };
		EB3FA32813F9D517009975E5 /* CaixaViewController.xib */ = {isa = PBXFileReference; fileEncoding = 4; lastKnownFileType = file.xib; name = CaixaViewController.xib; path = Robos/CaixaViewController.xib; sourceTree = "<group>"; };
		EB3FA34B13F9D9E9009975E5 /* QuartzCore.framework */ = {isa = PBXFileReference; lastKnownFileType = wrapper.framework; name = QuartzCore.framework; path = System/Library/Frameworks/QuartzCore.framework; sourceTree = SDKROOT; };
		EB3FA34D13F9E3E2009975E5 /* Constantes.h */ = {isa = PBXFileReference; fileEncoding = 4; lastKnownFileType = sourcecode.c.h; path = Constantes.h; sourceTree = "<group>"; };
		EB41753C13FAA93E008D8343 /* ValorOpcoesController.h */ = {isa = PBXFileReference; fileEncoding = 4; lastKnownFileType = sourcecode.c.h; path = ValorOpcoesController.h; sourceTree = "<group>"; };
		EB41753D13FAA93E008D8343 /* ValorOpcoesController.m */ = {isa = PBXFileReference; fileEncoding = 4; lastKnownFileType = sourcecode.c.objc; path = ValorOpcoesController.m; sourceTree = "<group>"; };
		EB4B8E111448D09D0070DBD7 /* 48-warning.png */ = {isa = PBXFileReference; lastKnownFileType = image.png; path = "48-warning.png"; sourceTree = "<group>"; };
		EB4B8E121448D09D0070DBD7 /* 48-help.png */ = {isa = PBXFileReference; lastKnownFileType = image.png; path = "48-help.png"; sourceTree = "<group>"; };
		EB4B8E131448D09D0070DBD7 /* 48-cancel.png */ = {isa = PBXFileReference; lastKnownFileType = image.png; path = "48-cancel.png"; sourceTree = "<group>"; };
		EB4B8E201448D0D00070DBD7 /* 48-arrow-right.png */ = {isa = PBXFileReference; lastKnownFileType = image.png; path = "48-arrow-right.png"; sourceTree = "<group>"; };
		EB4B8E211448D0D00070DBD7 /* 48-arrow-up.png */ = {isa = PBXFileReference; lastKnownFileType = image.png; path = "48-arrow-up.png"; sourceTree = "<group>"; };
		EB4B8E221448D0D00070DBD7 /* 48-badge-minus.png */ = {isa = PBXFileReference; lastKnownFileType = image.png; path = "48-badge-minus.png"; sourceTree = "<group>"; };
		EB4B8E241448D0D00070DBD7 /* 48-arrow-down.png */ = {isa = PBXFileReference; lastKnownFileType = image.png; path = "48-arrow-down.png"; sourceTree = "<group>"; };
		EB4B8E251448D0D00070DBD7 /* 48-arrow-left.png */ = {isa = PBXFileReference; lastKnownFileType = image.png; path = "48-arrow-left.png"; sourceTree = "<group>"; };
		EB56E8A814018293001880BC /* Protocolos.h */ = {isa = PBXFileReference; fileEncoding = 4; lastKnownFileType = sourcecode.c.h; path = Protocolos.h; sourceTree = "<group>"; };
		EB5E69CE154E40B3005F3C15 /* GraphViewController.h */ = {isa = PBXFileReference; lastKnownFileType = sourcecode.c.h; path = GraphViewController.h; sourceTree = "<group>"; };
		EB5E69CF154E40B3005F3C15 /* GraphViewController.m */ = {isa = PBXFileReference; lastKnownFileType = sourcecode.c.objc; path = GraphViewController.m; sourceTree = "<group>"; };
		EB5E69D0154E40B3005F3C15 /* GraphViewController.xib */ = {isa = PBXFileReference; lastKnownFileType = file.xib; name = GraphViewController.xib; path = Robos/GraphViewController.xib; sourceTree = "<group>"; };
		EBB6981914081FBD00D87E0F /* CondicionalController.h */ = {isa = PBXFileReference; fileEncoding = 4; lastKnownFileType = sourcecode.c.h; path = CondicionalController.h; sourceTree = "<group>"; };
		EBB6981A14081FBD00D87E0F /* CondicionalController.m */ = {isa = PBXFileReference; fileEncoding = 4; lastKnownFileType = sourcecode.c.objc; path = CondicionalController.m; sourceTree = "<group>"; };
		EBC1D0E4154D0D2600E9C13E /* CondicionalController.xib */ = {isa = PBXFileReference; fileEncoding = 4; lastKnownFileType = file.xib; path = CondicionalController.xib; sourceTree = "<group>"; };
		EBC1D0EA154D10D500E9C13E /* en */ = {isa = PBXFileReference; lastKnownFileType = text.plist.strings; name = en; path = en.lproj/Localizable.strings; sourceTree = "<group>"; };
		EBC1D0EC154D10D900E9C13E /* pt */ = {isa = PBXFileReference; lastKnownFileType = text.plist.strings; name = pt; path = pt.lproj/Localizable.strings; sourceTree = "<group>"; };
		EBC1D100154D171B00E9C13E /* CorePlot-CocoaTouch.xcodeproj */ = {isa = PBXFileReference; lastKnownFileType = "wrapper.pb-project"; name = "CorePlot-CocoaTouch.xcodeproj"; path = "../../../Downloads/CorePlot_1.0/Source/framework/CorePlot-CocoaTouch.xcodeproj"; sourceTree = "<group>"; };
		EBC1D11A154D179A00E9C13E /* _CPTConstraintsFixed.h */ = {isa = PBXFileReference; fileEncoding = 4; lastKnownFileType = sourcecode.c.h; path = _CPTConstraintsFixed.h; sourceTree = "<group>"; };
		EBC1D11B154D179A00E9C13E /* _CPTConstraintsRelative.h */ = {isa = PBXFileReference; fileEncoding = 4; lastKnownFileType = sourcecode.c.h; path = _CPTConstraintsRelative.h; sourceTree = "<group>"; };
		EBC1D11C154D179A00E9C13E /* _CPTDarkGradientTheme.h */ = {isa = PBXFileReference; fileEncoding = 4; lastKnownFileType = sourcecode.c.h; path = _CPTDarkGradientTheme.h; sourceTree = "<group>"; };
		EBC1D11D154D179A00E9C13E /* _CPTFillColor.h */ = {isa = PBXFileReference; fileEncoding = 4; lastKnownFileType = sourcecode.c.h; path = _CPTFillColor.h; sourceTree = "<group>"; };
		EBC1D11E154D179A00E9C13E /* _CPTFillGradient.h */ = {isa = PBXFileReference; fileEncoding = 4; lastKnownFileType = sourcecode.c.h; path = _CPTFillGradient.h; sourceTree = "<group>"; };
		EBC1D11F154D179A00E9C13E /* _CPTFillImage.h */ = {isa = PBXFileReference; fileEncoding = 4; lastKnownFileType = sourcecode.c.h; path = _CPTFillImage.h; sourceTree = "<group>"; };
		EBC1D120154D179A00E9C13E /* _CPTPlainBlackTheme.h */ = {isa = PBXFileReference; fileEncoding = 4; lastKnownFileType = sourcecode.c.h; path = _CPTPlainBlackTheme.h; sourceTree = "<group>"; };
		EBC1D121154D179A00E9C13E /* _CPTPlainWhiteTheme.h */ = {isa = PBXFileReference; fileEncoding = 4; lastKnownFileType = sourcecode.c.h; path = _CPTPlainWhiteTheme.h; sourceTree = "<group>"; };
		EBC1D122154D179A00E9C13E /* _CPTSlateTheme.h */ = {isa = PBXFileReference; fileEncoding = 4; lastKnownFileType = sourcecode.c.h; path = _CPTSlateTheme.h; sourceTree = "<group>"; };
		EBC1D123154D179A00E9C13E /* _CPTStocksTheme.h */ = {isa = PBXFileReference; fileEncoding = 4; lastKnownFileType = sourcecode.c.h; path = _CPTStocksTheme.h; sourceTree = "<group>"; };
		EBC1D124154D179A00E9C13E /* _CPTXYTheme.h */ = {isa = PBXFileReference; fileEncoding = 4; lastKnownFileType = sourcecode.c.h; path = _CPTXYTheme.h; sourceTree = "<group>"; };
		EBC1D125154D179A00E9C13E /* CorePlot-CocoaTouch.h */ = {isa = PBXFileReference; fileEncoding = 4; lastKnownFileType = sourcecode.c.h; path = "CorePlot-CocoaTouch.h"; sourceTree = "<group>"; };
		EBC1D126154D179A00E9C13E /* CPTAnnotation.h */ = {isa = PBXFileReference; fileEncoding = 4; lastKnownFileType = sourcecode.c.h; path = CPTAnnotation.h; sourceTree = "<group>"; };
		EBC1D127154D179A00E9C13E /* CPTAnnotationHostLayer.h */ = {isa = PBXFileReference; fileEncoding = 4; lastKnownFileType = sourcecode.c.h; path = CPTAnnotationHostLayer.h; sourceTree = "<group>"; };
		EBC1D128154D179A00E9C13E /* CPTAxis.h */ = {isa = PBXFileReference; fileEncoding = 4; lastKnownFileType = sourcecode.c.h; path = CPTAxis.h; sourceTree = "<group>"; };
		EBC1D129154D179A00E9C13E /* CPTAxisLabel.h */ = {isa = PBXFileReference; fileEncoding = 4; lastKnownFileType = sourcecode.c.h; path = CPTAxisLabel.h; sourceTree = "<group>"; };
		EBC1D12A154D179A00E9C13E /* CPTAxisLabelGroup.h */ = {isa = PBXFileReference; fileEncoding = 4; lastKnownFileType = sourcecode.c.h; path = CPTAxisLabelGroup.h; sourceTree = "<group>"; };
		EBC1D12B154D179A00E9C13E /* CPTAxisSet.h */ = {isa = PBXFileReference; fileEncoding = 4; lastKnownFileType = sourcecode.c.h; path = CPTAxisSet.h; sourceTree = "<group>"; };
		EBC1D12C154D179A00E9C13E /* CPTAxisTitle.h */ = {isa = PBXFileReference; fileEncoding = 4; lastKnownFileType = sourcecode.c.h; path = CPTAxisTitle.h; sourceTree = "<group>"; };
		EBC1D12D154D179A00E9C13E /* CPTBarPlot.h */ = {isa = PBXFileReference; fileEncoding = 4; lastKnownFileType = sourcecode.c.h; path = CPTBarPlot.h; sourceTree = "<group>"; };
		EBC1D12E154D179A00E9C13E /* CPTBorderedLayer.h */ = {isa = PBXFileReference; fileEncoding = 4; lastKnownFileType = sourcecode.c.h; path = CPTBorderedLayer.h; sourceTree = "<group>"; };
		EBC1D12F154D179A00E9C13E /* CPTColor.h */ = {isa = PBXFileReference; fileEncoding = 4; lastKnownFileType = sourcecode.c.h; path = CPTColor.h; sourceTree = "<group>"; };
		EBC1D130154D179A00E9C13E /* CPTColorSpace.h */ = {isa = PBXFileReference; fileEncoding = 4; lastKnownFileType = sourcecode.c.h; path = CPTColorSpace.h; sourceTree = "<group>"; };
		EBC1D131154D179A00E9C13E /* CPTConstraints.h */ = {isa = PBXFileReference; fileEncoding = 4; lastKnownFileType = sourcecode.c.h; path = CPTConstraints.h; sourceTree = "<group>"; };
		EBC1D132154D179A00E9C13E /* CPTDefinitions.h */ = {isa = PBXFileReference; fileEncoding = 4; lastKnownFileType = sourcecode.c.h; path = CPTDefinitions.h; sourceTree = "<group>"; };
		EBC1D133154D179A00E9C13E /* CPTExceptions.h */ = {isa = PBXFileReference; fileEncoding = 4; lastKnownFileType = sourcecode.c.h; path = CPTExceptions.h; sourceTree = "<group>"; };
		EBC1D134154D179A00E9C13E /* CPTFill.h */ = {isa = PBXFileReference; fileEncoding = 4; lastKnownFileType = sourcecode.c.h; path = CPTFill.h; sourceTree = "<group>"; };
		EBC1D135154D179A00E9C13E /* CPTGradient.h */ = {isa = PBXFileReference; fileEncoding = 4; lastKnownFileType = sourcecode.c.h; path = CPTGradient.h; sourceTree = "<group>"; };
		EBC1D136154D179A00E9C13E /* CPTGraph.h */ = {isa = PBXFileReference; fileEncoding = 4; lastKnownFileType = sourcecode.c.h; path = CPTGraph.h; sourceTree = "<group>"; };
		EBC1D137154D179A00E9C13E /* CPTGraphHostingView.h */ = {isa = PBXFileReference; fileEncoding = 4; lastKnownFileType = sourcecode.c.h; path = CPTGraphHostingView.h; sourceTree = "<group>"; };
		EBC1D138154D179A00E9C13E /* CPTGridLineGroup.h */ = {isa = PBXFileReference; fileEncoding = 4; lastKnownFileType = sourcecode.c.h; path = CPTGridLineGroup.h; sourceTree = "<group>"; };
		EBC1D139154D179A00E9C13E /* CPTGridLines.h */ = {isa = PBXFileReference; fileEncoding = 4; lastKnownFileType = sourcecode.c.h; path = CPTGridLines.h; sourceTree = "<group>"; };
		EBC1D13A154D179A00E9C13E /* CPTImage.h */ = {isa = PBXFileReference; fileEncoding = 4; lastKnownFileType = sourcecode.c.h; path = CPTImage.h; sourceTree = "<group>"; };
		EBC1D13B154D179A00E9C13E /* CPTLayer.h */ = {isa = PBXFileReference; fileEncoding = 4; lastKnownFileType = sourcecode.c.h; path = CPTLayer.h; sourceTree = "<group>"; };
		EBC1D13C154D179A00E9C13E /* CPTLayerAnnotation.h */ = {isa = PBXFileReference; fileEncoding = 4; lastKnownFileType = sourcecode.c.h; path = CPTLayerAnnotation.h; sourceTree = "<group>"; };
		EBC1D13D154D179A00E9C13E /* CPTLegend.h */ = {isa = PBXFileReference; fileEncoding = 4; lastKnownFileType = sourcecode.c.h; path = CPTLegend.h; sourceTree = "<group>"; };
		EBC1D13E154D179A00E9C13E /* CPTLegendEntry.h */ = {isa = PBXFileReference; fileEncoding = 4; lastKnownFileType = sourcecode.c.h; path = CPTLegendEntry.h; sourceTree = "<group>"; };
		EBC1D13F154D179A00E9C13E /* CPTLimitBand.h */ = {isa = PBXFileReference; fileEncoding = 4; lastKnownFileType = sourcecode.c.h; path = CPTLimitBand.h; sourceTree = "<group>"; };
		EBC1D140154D179A00E9C13E /* CPTLineCap.h */ = {isa = PBXFileReference; fileEncoding = 4; lastKnownFileType = sourcecode.c.h; path = CPTLineCap.h; sourceTree = "<group>"; };
		EBC1D141154D179A00E9C13E /* CPTLineStyle.h */ = {isa = PBXFileReference; fileEncoding = 4; lastKnownFileType = sourcecode.c.h; path = CPTLineStyle.h; sourceTree = "<group>"; };
		EBC1D142154D179A00E9C13E /* CPTMutableLineStyle.h */ = {isa = PBXFileReference; fileEncoding = 4; lastKnownFileType = sourcecode.c.h; path = CPTMutableLineStyle.h; sourceTree = "<group>"; };
		EBC1D143154D179A00E9C13E /* CPTMutableNumericData+TypeConversion.h */ = {isa = PBXFileReference; fileEncoding = 4; lastKnownFileType = sourcecode.c.h; path = "CPTMutableNumericData+TypeConversion.h"; sourceTree = "<group>"; };
		EBC1D144154D179A00E9C13E /* CPTMutableNumericData.h */ = {isa = PBXFileReference; fileEncoding = 4; lastKnownFileType = sourcecode.c.h; path = CPTMutableNumericData.h; sourceTree = "<group>"; };
		EBC1D145154D179A00E9C13E /* CPTMutablePlotRange.h */ = {isa = PBXFileReference; fileEncoding = 4; lastKnownFileType = sourcecode.c.h; path = CPTMutablePlotRange.h; sourceTree = "<group>"; };
		EBC1D146154D179A00E9C13E /* CPTMutableShadow.h */ = {isa = PBXFileReference; fileEncoding = 4; lastKnownFileType = sourcecode.c.h; path = CPTMutableShadow.h; sourceTree = "<group>"; };
		EBC1D147154D179A00E9C13E /* CPTMutableTextStyle.h */ = {isa = PBXFileReference; fileEncoding = 4; lastKnownFileType = sourcecode.c.h; path = CPTMutableTextStyle.h; sourceTree = "<group>"; };
		EBC1D148154D179A00E9C13E /* CPTNumericData+TypeConversion.h */ = {isa = PBXFileReference; fileEncoding = 4; lastKnownFileType = sourcecode.c.h; path = "CPTNumericData+TypeConversion.h"; sourceTree = "<group>"; };
		EBC1D149154D179A00E9C13E /* CPTNumericData.h */ = {isa = PBXFileReference; fileEncoding = 4; lastKnownFileType = sourcecode.c.h; path = CPTNumericData.h; sourceTree = "<group>"; };
		EBC1D14A154D179A00E9C13E /* CPTNumericDataType.h */ = {isa = PBXFileReference; fileEncoding = 4; lastKnownFileType = sourcecode.c.h; path = CPTNumericDataType.h; sourceTree = "<group>"; };
		EBC1D14B154D179A00E9C13E /* CPTPathExtensions.h */ = {isa = PBXFileReference; fileEncoding = 4; lastKnownFileType = sourcecode.c.h; path = CPTPathExtensions.h; sourceTree = "<group>"; };
		EBC1D14C154D179A00E9C13E /* CPTPieChart.h */ = {isa = PBXFileReference; fileEncoding = 4; lastKnownFileType = sourcecode.c.h; path = CPTPieChart.h; sourceTree = "<group>"; };
		EBC1D14D154D179A00E9C13E /* CPTPlatformSpecificCategories.h */ = {isa = PBXFileReference; fileEncoding = 4; lastKnownFileType = sourcecode.c.h; path = CPTPlatformSpecificCategories.h; sourceTree = "<group>"; };
		EBC1D14E154D179A00E9C13E /* CPTPlatformSpecificDefines.h */ = {isa = PBXFileReference; fileEncoding = 4; lastKnownFileType = sourcecode.c.h; path = CPTPlatformSpecificDefines.h; sourceTree = "<group>"; };
		EBC1D14F154D179A00E9C13E /* CPTPlatformSpecificFunctions.h */ = {isa = PBXFileReference; fileEncoding = 4; lastKnownFileType = sourcecode.c.h; path = CPTPlatformSpecificFunctions.h; sourceTree = "<group>"; };
		EBC1D150154D179A00E9C13E /* CPTPlot.h */ = {isa = PBXFileReference; fileEncoding = 4; lastKnownFileType = sourcecode.c.h; path = CPTPlot.h; sourceTree = "<group>"; };
		EBC1D151154D179A00E9C13E /* CPTPlotArea.h */ = {isa = PBXFileReference; fileEncoding = 4; lastKnownFileType = sourcecode.c.h; path = CPTPlotArea.h; sourceTree = "<group>"; };
		EBC1D152154D179A00E9C13E /* CPTPlotAreaFrame.h */ = {isa = PBXFileReference; fileEncoding = 4; lastKnownFileType = sourcecode.c.h; path = CPTPlotAreaFrame.h; sourceTree = "<group>"; };
		EBC1D153154D179A00E9C13E /* CPTPlotGroup.h */ = {isa = PBXFileReference; fileEncoding = 4; lastKnownFileType = sourcecode.c.h; path = CPTPlotGroup.h; sourceTree = "<group>"; };
		EBC1D154154D179A00E9C13E /* CPTPlotRange.h */ = {isa = PBXFileReference; fileEncoding = 4; lastKnownFileType = sourcecode.c.h; path = CPTPlotRange.h; sourceTree = "<group>"; };
		EBC1D155154D179A00E9C13E /* CPTPlotSpace.h */ = {isa = PBXFileReference; fileEncoding = 4; lastKnownFileType = sourcecode.c.h; path = CPTPlotSpace.h; sourceTree = "<group>"; };
		EBC1D156154D179A00E9C13E /* CPTPlotSpaceAnnotation.h */ = {isa = PBXFileReference; fileEncoding = 4; lastKnownFileType = sourcecode.c.h; path = CPTPlotSpaceAnnotation.h; sourceTree = "<group>"; };
		EBC1D157154D179A00E9C13E /* CPTPlotSymbol.h */ = {isa = PBXFileReference; fileEncoding = 4; lastKnownFileType = sourcecode.c.h; path = CPTPlotSymbol.h; sourceTree = "<group>"; };
		EBC1D158154D179A00E9C13E /* CPTRangePlot.h */ = {isa = PBXFileReference; fileEncoding = 4; lastKnownFileType = sourcecode.c.h; path = CPTRangePlot.h; sourceTree = "<group>"; };
		EBC1D159154D179A00E9C13E /* CPTResponder.h */ = {isa = PBXFileReference; fileEncoding = 4; lastKnownFileType = sourcecode.c.h; path = CPTResponder.h; sourceTree = "<group>"; };
		EBC1D15A154D179A00E9C13E /* CPTScatterPlot.h */ = {isa = PBXFileReference; fileEncoding = 4; lastKnownFileType = sourcecode.c.h; path = CPTScatterPlot.h; sourceTree = "<group>"; };
		EBC1D15B154D179A00E9C13E /* CPTShadow.h */ = {isa = PBXFileReference; fileEncoding = 4; lastKnownFileType = sourcecode.c.h; path = CPTShadow.h; sourceTree = "<group>"; };
		EBC1D15C154D179A00E9C13E /* CPTTextLayer.h */ = {isa = PBXFileReference; fileEncoding = 4; lastKnownFileType = sourcecode.c.h; path = CPTTextLayer.h; sourceTree = "<group>"; };
		EBC1D15D154D179A00E9C13E /* CPTTextStyle.h */ = {isa = PBXFileReference; fileEncoding = 4; lastKnownFileType = sourcecode.c.h; path = CPTTextStyle.h; sourceTree = "<group>"; };
		EBC1D15E154D179A00E9C13E /* CPTTheme.h */ = {isa = PBXFileReference; fileEncoding = 4; lastKnownFileType = sourcecode.c.h; path = CPTTheme.h; sourceTree = "<group>"; };
		EBC1D15F154D179A00E9C13E /* CPTTimeFormatter.h */ = {isa = PBXFileReference; fileEncoding = 4; lastKnownFileType = sourcecode.c.h; path = CPTTimeFormatter.h; sourceTree = "<group>"; };
		EBC1D160154D179A00E9C13E /* CPTTradingRangePlot.h */ = {isa = PBXFileReference; fileEncoding = 4; lastKnownFileType = sourcecode.c.h; path = CPTTradingRangePlot.h; sourceTree = "<group>"; };
		EBC1D161154D179A00E9C13E /* CPTUtilities.h */ = {isa = PBXFileReference; fileEncoding = 4; lastKnownFileType = sourcecode.c.h; path = CPTUtilities.h; sourceTree = "<group>"; };
		EBC1D162154D179A00E9C13E /* CPTXYAxis.h */ = {isa = PBXFileReference; fileEncoding = 4; lastKnownFileType = sourcecode.c.h; path = CPTXYAxis.h; sourceTree = "<group>"; };
		EBC1D163154D179A00E9C13E /* CPTXYAxisSet.h */ = {isa = PBXFileReference; fileEncoding = 4; lastKnownFileType = sourcecode.c.h; path = CPTXYAxisSet.h; sourceTree = "<group>"; };
		EBC1D164154D179A00E9C13E /* CPTXYGraph.h */ = {isa = PBXFileReference; fileEncoding = 4; lastKnownFileType = sourcecode.c.h; path = CPTXYGraph.h; sourceTree = "<group>"; };
		EBC1D165154D179A00E9C13E /* CPTXYPlotSpace.h */ = {isa = PBXFileReference; fileEncoding = 4; lastKnownFileType = sourcecode.c.h; path = CPTXYPlotSpace.h; sourceTree = "<group>"; };
		EBC1D166154D179A00E9C13E /* NSCoderExtensions.h */ = {isa = PBXFileReference; fileEncoding = 4; lastKnownFileType = sourcecode.c.h; path = NSCoderExtensions.h; sourceTree = "<group>"; };
		EBC1D167154D179A00E9C13E /* NSDecimalNumberExtensions.h */ = {isa = PBXFileReference; fileEncoding = 4; lastKnownFileType = sourcecode.c.h; path = NSDecimalNumberExtensions.h; sourceTree = "<group>"; };
		EBC1D168154D179A00E9C13E /* NSNumberExtensions.h */ = {isa = PBXFileReference; fileEncoding = 4; lastKnownFileType = sourcecode.c.h; path = NSNumberExtensions.h; sourceTree = "<group>"; };
		EBC1D169154D179A00E9C13E /* libCorePlot-CocoaTouch.a */ = {isa = PBXFileReference; lastKnownFileType = archive.ar; path = "libCorePlot-CocoaTouch.a"; sourceTree = "<group>"; };
		EBD1EE8D13FAC0AF004FEDFC /* UnidadeOpcoesController.h */ = {isa = PBXFileReference; fileEncoding = 4; lastKnownFileType = sourcecode.c.h; path = UnidadeOpcoesController.h; sourceTree = "<group>"; };
		EBD1EE8E13FAC0AF004FEDFC /* UnidadeOpcoesController.m */ = {isa = PBXFileReference; fileEncoding = 4; lastKnownFileType = sourcecode.c.objc; path = UnidadeOpcoesController.m; sourceTree = "<group>"; };
		EBD35F95147BB9E300AB65EF /* 57-Lionel_Preacherbot.png */ = {isa = PBXFileReference; lastKnownFileType = image.png; path = "57-Lionel_Preacherbot.png"; sourceTree = "<group>"; };
		EBD35F96147BB9E300AB65EF /* 114-Lionel_Preacherbot.png */ = {isa = PBXFileReference; lastKnownFileType = image.png; path = "114-Lionel_Preacherbot.png"; sourceTree = "<group>"; };
		EBD91BD5144D22B800137C04 /* 48-badge-check.png */ = {isa = PBXFileReference; lastKnownFileType = image.png; path = "48-badge-check.png"; sourceTree = "<group>"; };
		EBD91BD6144D22B800137C04 /* 48-badge-cross.png */ = {isa = PBXFileReference; lastKnownFileType = image.png; path = "48-badge-cross.png"; sourceTree = "<group>"; };
/* End PBXFileReference section */

/* Begin PBXFrameworksBuildPhase section */
		EB3FA2E413F9CB59009975E5 /* Frameworks */ = {
			isa = PBXFrameworksBuildPhase;
			buildActionMask = 2147483647;
			files = (
				EBC1D112154D175D00E9C13E /* libCorePlot-CocoaTouch.a in Frameworks */,
				EB2CCA7D154B944600732540 /* CoreLocation.framework in Frameworks */,
				EB2CCA7B154B944000732540 /* MapKit.framework in Frameworks */,
				EB3FA2EC13F9CB59009975E5 /* UIKit.framework in Frameworks */,
				EB3FA2EE13F9CB59009975E5 /* Foundation.framework in Frameworks */,
				EB3FA2F013F9CB59009975E5 /* CoreGraphics.framework in Frameworks */,
				EB3FA34C13F9D9E9009975E5 /* QuartzCore.framework in Frameworks */,
				EBC1D16A154D179A00E9C13E /* libCorePlot-CocoaTouch.a in Frameworks */,
			);
			runOnlyForDeploymentPostprocessing = 0;
		};
/* End PBXFrameworksBuildPhase section */

/* Begin PBXGroup section */
		EB004C6714427C6200CF281E /* Imagens */ = {
			isa = PBXGroup;
			children = (
				EBD35F95147BB9E300AB65EF /* 57-Lionel_Preacherbot.png */,
				EBD35F96147BB9E300AB65EF /* 114-Lionel_Preacherbot.png */,
				EB004CE01443E73700CF281E /* 128-sensors-applet.png */,
				EB004CE11443E73700CF281E /* 128-traffic_lights.png */,
				EB004CDF1443E73700CF281E /* 128-HardwareChip.png */,
				EB004D0614446ED200CF281E /* 48-HardwareChip.png */,
				EB4B8E111448D09D0070DBD7 /* 48-warning.png */,
				EB4B8E121448D09D0070DBD7 /* 48-help.png */,
				EB4B8E131448D09D0070DBD7 /* 48-cancel.png */,
				EB4B8E201448D0D00070DBD7 /* 48-arrow-right.png */,
				EB4B8E211448D0D00070DBD7 /* 48-arrow-up.png */,
				EB4B8E221448D0D00070DBD7 /* 48-badge-minus.png */,
				EB4B8E241448D0D00070DBD7 /* 48-arrow-down.png */,
				EB4B8E251448D0D00070DBD7 /* 48-arrow-left.png */,
				EBD91BD5144D22B800137C04 /* 48-badge-check.png */,
				EBD91BD6144D22B800137C04 /* 48-badge-cross.png */,
				EB1E8316154C222E00A8694F /* 48-blue-rotate.png */,
			);
			name = Imagens;
			sourceTree = "<group>";
		};
		EB004C6914427CC600CF281E /* Interfaces */ = {
			isa = PBXGroup;
			children = (
				EB3FA2FD13F9CB59009975E5 /* MainWindow.xib */,
				EB3FA30313F9CB59009975E5 /* RobosViewController.xib */,
				EB3FA32813F9D517009975E5 /* CaixaViewController.xib */,
				EB004CD51443E3ED00CF281E /* CaixaSensoresViewController.xib */,
				EBC1D0E4154D0D2600E9C13E /* CondicionalController.xib */,
				EB2DE11F144B5E1F005FC8AC /* CompiladorViewController.xib */,
				EB1E831A154C260D00A8694F /* SimuladorViewController.xib */,
				EB5E69D0154E40B3005F3C15 /* GraphViewController.xib */,
			);
			name = Interfaces;
			sourceTree = "<group>";
		};
		EB3FA2DC13F9CB59009975E5 = {
			isa = PBXGroup;
			children = (
				EB3FA2F113F9CB59009975E5 /* Classes */,
				EB004C6914427CC600CF281E /* Interfaces */,
				EB004C6714427C6200CF281E /* Imagens */,
				EB3FA2F213F9CB59009975E5 /* Supporting Files */,
				EB3FA2EA13F9CB59009975E5 /* Frameworks */,
				EB3FA2E813F9CB59009975E5 /* Products */,
			);
			sourceTree = "<group>";
		};
		EB3FA2E813F9CB59009975E5 /* Products */ = {
			isa = PBXGroup;
			children = (
				EB3FA2E713F9CB59009975E5 /* Robos.app */,
			);
			name = Products;
			sourceTree = "<group>";
		};
		EB3FA2EA13F9CB59009975E5 /* Frameworks */ = {
			isa = PBXGroup;
			children = (
				EBC1D118154D179A00E9C13E /* iOS */,
				EBC1D100154D171B00E9C13E /* CorePlot-CocoaTouch.xcodeproj */,
				EB2CCA7C154B944600732540 /* CoreLocation.framework */,
				EB2CCA7A154B944000732540 /* MapKit.framework */,
				EB3FA34B13F9D9E9009975E5 /* QuartzCore.framework */,
				EB3FA2EB13F9CB59009975E5 /* UIKit.framework */,
				EB3FA2ED13F9CB59009975E5 /* Foundation.framework */,
				EB3FA2EF13F9CB59009975E5 /* CoreGraphics.framework */,
			);
			name = Frameworks;
			sourceTree = "<group>";
		};
		EB3FA2F113F9CB59009975E5 /* Classes */ = {
			isa = PBXGroup;
			children = (
				EB3FA34D13F9E3E2009975E5 /* Constantes.h */,
				EB56E8A814018293001880BC /* Protocolos.h */,
				EB3FA2FA13F9CB59009975E5 /* RobosAppDelegate.h */,
				EB3FA2FB13F9CB59009975E5 /* RobosAppDelegate.m */,
				EB3FA30013F9CB59009975E5 /* RobosViewController.h */,
				EB3FA30113F9CB59009975E5 /* RobosViewController.m */,
				EB3FA32613F9D517009975E5 /* CaixaViewController.h */,
				EB3FA32713F9D517009975E5 /* CaixaViewController.m */,
				EB004CD31443E3ED00CF281E /* CaixaSensoresViewController.h */,
				EB004CD41443E3ED00CF281E /* CaixaSensoresViewController.m */,
				EBB6981914081FBD00D87E0F /* CondicionalController.h */,
				EBB6981A14081FBD00D87E0F /* CondicionalController.m */,
				EB2CCA93154B9C6200732540 /* ComandosOpcoesController.h */,
				EB2CCA92154B9C6100732540 /* ComandosOpcoesController.m */,
				EB41753C13FAA93E008D8343 /* ValorOpcoesController.h */,
				EB41753D13FAA93E008D8343 /* ValorOpcoesController.m */,
				EBD1EE8D13FAC0AF004FEDFC /* UnidadeOpcoesController.h */,
				EBD1EE8E13FAC0AF004FEDFC /* UnidadeOpcoesController.m */,
				EB2CCA8F154B980500732540 /* ViewControllerDataBuilder.h */,
				EB2CCA90154B980500732540 /* ViewControllerDataBuilder.m */,
				EB2DE11D144B5E1F005FC8AC /* CompiladorViewController.h */,
				EB2DE11E144B5E1F005FC8AC /* CompiladorViewController.m */,
				EB1E8318154C260D00A8694F /* SimuladorViewController.h */,
				EB1E8319154C260D00A8694F /* SimuladorViewController.m */,
				EB5E69CE154E40B3005F3C15 /* GraphViewController.h */,
				EB5E69CF154E40B3005F3C15 /* GraphViewController.m */,
			);
			name = Classes;
			path = Robos;
			sourceTree = "<group>";
		};
		EB3FA2F213F9CB59009975E5 /* Supporting Files */ = {
			isa = PBXGroup;
			children = (
				EBC1D0EB154D10D500E9C13E /* Localizable.strings */,
				EB2DE0E0144B57D5005FC8AC /* Settings.bundle */,
				EB3FA2F313F9CB59009975E5 /* Robos-Info.plist */,
				EB3FA2F413F9CB59009975E5 /* InfoPlist.strings */,
				EB3FA2F713F9CB59009975E5 /* Robos-Prefix.pch */,
				EB3FA2F813F9CB59009975E5 /* main.m */,
			);
			name = "Supporting Files";
			path = Robos;
			sourceTree = "<group>";
		};
		EBC1D101154D171B00E9C13E /* Products */ = {
			isa = PBXGroup;
			children = (
				EBC1D10A154D171B00E9C13E /* libCorePlot-CocoaTouch.a */,
			);
			name = Products;
			sourceTree = "<group>";
		};
		EBC1D118154D179A00E9C13E /* iOS */ = {
			isa = PBXGroup;
			children = (
				EBC1D119154D179A00E9C13E /* CorePlotHeaders */,
				EBC1D169154D179A00E9C13E /* libCorePlot-CocoaTouch.a */,
			);
			path = iOS;
			sourceTree = "<group>";
		};
		EBC1D119154D179A00E9C13E /* CorePlotHeaders */ = {
			isa = PBXGroup;
			children = (
				EBC1D11A154D179A00E9C13E /* _CPTConstraintsFixed.h */,
				EBC1D11B154D179A00E9C13E /* _CPTConstraintsRelative.h */,
				EBC1D11C154D179A00E9C13E /* _CPTDarkGradientTheme.h */,
				EBC1D11D154D179A00E9C13E /* _CPTFillColor.h */,
				EBC1D11E154D179A00E9C13E /* _CPTFillGradient.h */,
				EBC1D11F154D179A00E9C13E /* _CPTFillImage.h */,
				EBC1D120154D179A00E9C13E /* _CPTPlainBlackTheme.h */,
				EBC1D121154D179A00E9C13E /* _CPTPlainWhiteTheme.h */,
				EBC1D122154D179A00E9C13E /* _CPTSlateTheme.h */,
				EBC1D123154D179A00E9C13E /* _CPTStocksTheme.h */,
				EBC1D124154D179A00E9C13E /* _CPTXYTheme.h */,
				EBC1D125154D179A00E9C13E /* CorePlot-CocoaTouch.h */,
				EBC1D126154D179A00E9C13E /* CPTAnnotation.h */,
				EBC1D127154D179A00E9C13E /* CPTAnnotationHostLayer.h */,
				EBC1D128154D179A00E9C13E /* CPTAxis.h */,
				EBC1D129154D179A00E9C13E /* CPTAxisLabel.h */,
				EBC1D12A154D179A00E9C13E /* CPTAxisLabelGroup.h */,
				EBC1D12B154D179A00E9C13E /* CPTAxisSet.h */,
				EBC1D12C154D179A00E9C13E /* CPTAxisTitle.h */,
				EBC1D12D154D179A00E9C13E /* CPTBarPlot.h */,
				EBC1D12E154D179A00E9C13E /* CPTBorderedLayer.h */,
				EBC1D12F154D179A00E9C13E /* CPTColor.h */,
				EBC1D130154D179A00E9C13E /* CPTColorSpace.h */,
				EBC1D131154D179A00E9C13E /* CPTConstraints.h */,
				EBC1D132154D179A00E9C13E /* CPTDefinitions.h */,
				EBC1D133154D179A00E9C13E /* CPTExceptions.h */,
				EBC1D134154D179A00E9C13E /* CPTFill.h */,
				EBC1D135154D179A00E9C13E /* CPTGradient.h */,
				EBC1D136154D179A00E9C13E /* CPTGraph.h */,
				EBC1D137154D179A00E9C13E /* CPTGraphHostingView.h */,
				EBC1D138154D179A00E9C13E /* CPTGridLineGroup.h */,
				EBC1D139154D179A00E9C13E /* CPTGridLines.h */,
				EBC1D13A154D179A00E9C13E /* CPTImage.h */,
				EBC1D13B154D179A00E9C13E /* CPTLayer.h */,
				EBC1D13C154D179A00E9C13E /* CPTLayerAnnotation.h */,
				EBC1D13D154D179A00E9C13E /* CPTLegend.h */,
				EBC1D13E154D179A00E9C13E /* CPTLegendEntry.h */,
				EBC1D13F154D179A00E9C13E /* CPTLimitBand.h */,
				EBC1D140154D179A00E9C13E /* CPTLineCap.h */,
				EBC1D141154D179A00E9C13E /* CPTLineStyle.h */,
				EBC1D142154D179A00E9C13E /* CPTMutableLineStyle.h */,
				EBC1D143154D179A00E9C13E /* CPTMutableNumericData+TypeConversion.h */,
				EBC1D144154D179A00E9C13E /* CPTMutableNumericData.h */,
				EBC1D145154D179A00E9C13E /* CPTMutablePlotRange.h */,
				EBC1D146154D179A00E9C13E /* CPTMutableShadow.h */,
				EBC1D147154D179A00E9C13E /* CPTMutableTextStyle.h */,
				EBC1D148154D179A00E9C13E /* CPTNumericData+TypeConversion.h */,
				EBC1D149154D179A00E9C13E /* CPTNumericData.h */,
				EBC1D14A154D179A00E9C13E /* CPTNumericDataType.h */,
				EBC1D14B154D179A00E9C13E /* CPTPathExtensions.h */,
				EBC1D14C154D179A00E9C13E /* CPTPieChart.h */,
				EBC1D14D154D179A00E9C13E /* CPTPlatformSpecificCategories.h */,
				EBC1D14E154D179A00E9C13E /* CPTPlatformSpecificDefines.h */,
				EBC1D14F154D179A00E9C13E /* CPTPlatformSpecificFunctions.h */,
				EBC1D150154D179A00E9C13E /* CPTPlot.h */,
				EBC1D151154D179A00E9C13E /* CPTPlotArea.h */,
				EBC1D152154D179A00E9C13E /* CPTPlotAreaFrame.h */,
				EBC1D153154D179A00E9C13E /* CPTPlotGroup.h */,
				EBC1D154154D179A00E9C13E /* CPTPlotRange.h */,
				EBC1D155154D179A00E9C13E /* CPTPlotSpace.h */,
				EBC1D156154D179A00E9C13E /* CPTPlotSpaceAnnotation.h */,
				EBC1D157154D179A00E9C13E /* CPTPlotSymbol.h */,
				EBC1D158154D179A00E9C13E /* CPTRangePlot.h */,
				EBC1D159154D179A00E9C13E /* CPTResponder.h */,
				EBC1D15A154D179A00E9C13E /* CPTScatterPlot.h */,
				EBC1D15B154D179A00E9C13E /* CPTShadow.h */,
				EBC1D15C154D179A00E9C13E /* CPTTextLayer.h */,
				EBC1D15D154D179A00E9C13E /* CPTTextStyle.h */,
				EBC1D15E154D179A00E9C13E /* CPTTheme.h */,
				EBC1D15F154D179A00E9C13E /* CPTTimeFormatter.h */,
				EBC1D160154D179A00E9C13E /* CPTTradingRangePlot.h */,
				EBC1D161154D179A00E9C13E /* CPTUtilities.h */,
				EBC1D162154D179A00E9C13E /* CPTXYAxis.h */,
				EBC1D163154D179A00E9C13E /* CPTXYAxisSet.h */,
				EBC1D164154D179A00E9C13E /* CPTXYGraph.h */,
				EBC1D165154D179A00E9C13E /* CPTXYPlotSpace.h */,
				EBC1D166154D179A00E9C13E /* NSCoderExtensions.h */,
				EBC1D167154D179A00E9C13E /* NSDecimalNumberExtensions.h */,
				EBC1D168154D179A00E9C13E /* NSNumberExtensions.h */,
			);
			path = CorePlotHeaders;
			sourceTree = "<group>";
		};
/* End PBXGroup section */

/* Begin PBXNativeTarget section */
		EB3FA2E613F9CB59009975E5 /* Robos */ = {
			isa = PBXNativeTarget;
			buildConfigurationList = EB3FA30813F9CB59009975E5 /* Build configuration list for PBXNativeTarget "Robos" */;
			buildPhases = (
				EB3FA2E313F9CB59009975E5 /* Sources */,
				EB3FA2E413F9CB59009975E5 /* Frameworks */,
				EB3FA2E513F9CB59009975E5 /* Resources */,
			);
			buildRules = (
			);
			dependencies = (
				EBC1D111154D175300E9C13E /* PBXTargetDependency */,
			);
			name = Robos;
			productName = Robos;
			productReference = EB3FA2E713F9CB59009975E5 /* Robos.app */;
			productType = "com.apple.product-type.application";
		};
/* End PBXNativeTarget section */

/* Begin PBXProject section */
		EB3FA2DE13F9CB59009975E5 /* Project object */ = {
			isa = PBXProject;
			attributes = {
				LastUpgradeCheck = 0430;
			};
			buildConfigurationList = EB3FA2E113F9CB59009975E5 /* Build configuration list for PBXProject "Robos" */;
			compatibilityVersion = "Xcode 3.2";
			developmentRegion = English;
			hasScannedForEncodings = 0;
			knownRegions = (
				en,
				pt,
			);
			mainGroup = EB3FA2DC13F9CB59009975E5;
			productRefGroup = EB3FA2E813F9CB59009975E5 /* Products */;
			projectDirPath = "";
			projectReferences = (
				{
					ProductGroup = EBC1D101154D171B00E9C13E /* Products */;
					ProjectRef = EBC1D100154D171B00E9C13E /* CorePlot-CocoaTouch.xcodeproj */;
				},
			);
			projectRoot = "";
			targets = (
				EB3FA2E613F9CB59009975E5 /* Robos */,
			);
		};
/* End PBXProject section */

/* Begin PBXReferenceProxy section */
		EBC1D10A154D171B00E9C13E /* libCorePlot-CocoaTouch.a */ = {
			isa = PBXReferenceProxy;
			fileType = archive.ar;
			path = "libCorePlot-CocoaTouch.a";
			remoteRef = EBC1D109154D171B00E9C13E /* PBXContainerItemProxy */;
			sourceTree = BUILT_PRODUCTS_DIR;
		};
/* End PBXReferenceProxy section */

/* Begin PBXResourcesBuildPhase section */
		EB3FA2E513F9CB59009975E5 /* Resources */ = {
			isa = PBXResourcesBuildPhase;
			buildActionMask = 2147483647;
			files = (
				EB3FA2F613F9CB59009975E5 /* InfoPlist.strings in Resources */,
				EB3FA2FF13F9CB59009975E5 /* MainWindow.xib in Resources */,
				EB3FA30513F9CB59009975E5 /* RobosViewController.xib in Resources */,
				EB3FA32A13F9D517009975E5 /* CaixaViewController.xib in Resources */,
				EB004CD71443E3EE00CF281E /* CaixaSensoresViewController.xib in Resources */,
				EB004CE31443E73700CF281E /* 128-HardwareChip.png in Resources */,
				EB004CE41443E73700CF281E /* 128-sensors-applet.png in Resources */,
				EB004CE51443E73700CF281E /* 128-traffic_lights.png in Resources */,
				EB004D0714446ED200CF281E /* 48-HardwareChip.png in Resources */,
				EB4B8E141448D09D0070DBD7 /* 48-warning.png in Resources */,
				EB4B8E151448D09D0070DBD7 /* 48-help.png in Resources */,
				EB4B8E161448D09D0070DBD7 /* 48-cancel.png in Resources */,
				EB4B8E2E1448D0D00070DBD7 /* 48-arrow-right.png in Resources */,
				EB4B8E2F1448D0D00070DBD7 /* 48-arrow-up.png in Resources */,
				EB4B8E301448D0D00070DBD7 /* 48-badge-minus.png in Resources */,
				EB4B8E321448D0D00070DBD7 /* 48-arrow-down.png in Resources */,
				EB4B8E331448D0D00070DBD7 /* 48-arrow-left.png in Resources */,
				EB2DE0E1144B57D5005FC8AC /* Settings.bundle in Resources */,
				EB2DE121144B5E1F005FC8AC /* CompiladorViewController.xib in Resources */,
				EBD91BD7144D22B800137C04 /* 48-badge-check.png in Resources */,
				EBD91BD8144D22B800137C04 /* 48-badge-cross.png in Resources */,
				EBD35F97147BB9E300AB65EF /* 57-Lionel_Preacherbot.png in Resources */,
				EBD35F98147BB9E300AB65EF /* 114-Lionel_Preacherbot.png in Resources */,
				EB1E8317154C222E00A8694F /* 48-blue-rotate.png in Resources */,
				EB1E831C154C260D00A8694F /* SimuladorViewController.xib in Resources */,
				EBC1D0E5154D0D2600E9C13E /* CondicionalController.xib in Resources */,
				EBC1D0E9154D10D500E9C13E /* Localizable.strings in Resources */,
				EB5E69D2154E4C0C005F3C15 /* GraphViewController.xib in Resources */,
			);
			runOnlyForDeploymentPostprocessing = 0;
		};
/* End PBXResourcesBuildPhase section */

/* Begin PBXSourcesBuildPhase section */
		EB3FA2E313F9CB59009975E5 /* Sources */ = {
			isa = PBXSourcesBuildPhase;
			buildActionMask = 2147483647;
			files = (
				EB5E69D1154E41A8005F3C15 /* GraphViewController.m in Sources */,
				EB2CCA94154B9D1500732540 /* ComandosOpcoesController.m in Sources */,
				EB3FA2F913F9CB59009975E5 /* main.m in Sources */,
				EB3FA2FC13F9CB59009975E5 /* RobosAppDelegate.m in Sources */,
				EB3FA30213F9CB59009975E5 /* RobosViewController.m in Sources */,
				EB3FA32913F9D517009975E5 /* CaixaViewController.m in Sources */,
				EB41753E13FAA93E008D8343 /* ValorOpcoesController.m in Sources */,
				EBD1EE8F13FAC0AF004FEDFC /* UnidadeOpcoesController.m in Sources */,
				EBB6981B14081FBD00D87E0F /* CondicionalController.m in Sources */,
				EB004CD61443E3EE00CF281E /* CaixaSensoresViewController.m in Sources */,
				EB2DE120144B5E1F005FC8AC /* CompiladorViewController.m in Sources */,
				EB2CCA91154B980500732540 /* ViewControllerDataBuilder.m in Sources */,
				EB1E831B154C260D00A8694F /* SimuladorViewController.m in Sources */,
			);
			runOnlyForDeploymentPostprocessing = 0;
		};
/* End PBXSourcesBuildPhase section */

/* Begin PBXTargetDependency section */
		EBC1D111154D175300E9C13E /* PBXTargetDependency */ = {
			isa = PBXTargetDependency;
			name = "CorePlot-CocoaTouch";
			targetProxy = EBC1D110154D175300E9C13E /* PBXContainerItemProxy */;
		};
/* End PBXTargetDependency section */

/* Begin PBXVariantGroup section */
		EB3FA2F413F9CB59009975E5 /* InfoPlist.strings */ = {
			isa = PBXVariantGroup;
			children = (
				EB3FA2F513F9CB59009975E5 /* en */,
			);
			name = InfoPlist.strings;
			sourceTree = "<group>";
		};
		EB3FA2FD13F9CB59009975E5 /* MainWindow.xib */ = {
			isa = PBXVariantGroup;
			children = (
				EB3FA2FE13F9CB59009975E5 /* en */,
			);
			name = MainWindow.xib;
			path = Robos;
			sourceTree = "<group>";
		};
		EB3FA30313F9CB59009975E5 /* RobosViewController.xib */ = {
			isa = PBXVariantGroup;
			children = (
				EB3FA30413F9CB59009975E5 /* en */,
			);
			name = RobosViewController.xib;
			path = Robos;
			sourceTree = "<group>";
		};
		EBC1D0EB154D10D500E9C13E /* Localizable.strings */ = {
			isa = PBXVariantGroup;
			children = (
				EBC1D0EA154D10D500E9C13E /* en */,
				EBC1D0EC154D10D900E9C13E /* pt */,
			);
			name = Localizable.strings;
			sourceTree = "<group>";
		};
/* End PBXVariantGroup section */

/* Begin XCBuildConfiguration section */
		EB3FA30613F9CB59009975E5 /* Debug */ = {
			isa = XCBuildConfiguration;
			buildSettings = {
				ARCHS = "$(ARCHS_STANDARD_32_BIT)";
				CODE_SIGN_IDENTITY = "iPhone Distribution";
				GCC_C_LANGUAGE_STANDARD = gnu99;
				GCC_OPTIMIZATION_LEVEL = 0;
				GCC_PREPROCESSOR_DEFINITIONS = DEBUG;
				GCC_SYMBOLS_PRIVATE_EXTERN = NO;
				GCC_THUMB_SUPPORT = NO;
				GCC_VERSION = com.apple.compilers.llvmgcc42;
				GCC_WARN_ABOUT_RETURN_TYPE = YES;
				GCC_WARN_UNUSED_VARIABLE = YES;
				IPHONEOS_DEPLOYMENT_TARGET = 4.3;
				PROVISIONING_PROFILE = "";
				SDKROOT = iphoneos;
			};
			name = Debug;
		};
		EB3FA30713F9CB59009975E5 /* Release */ = {
			isa = XCBuildConfiguration;
			buildSettings = {
				ARCHS = "$(ARCHS_STANDARD_32_BIT)";
				CODE_SIGN_IDENTITY = "iPhone Distribution";
				GCC_C_LANGUAGE_STANDARD = gnu99;
				GCC_THUMB_SUPPORT = NO;
				GCC_VERSION = com.apple.compilers.llvmgcc42;
				GCC_WARN_ABOUT_RETURN_TYPE = YES;
				GCC_WARN_UNUSED_VARIABLE = YES;
				IPHONEOS_DEPLOYMENT_TARGET = 4.3;
				OTHER_CFLAGS = "-DNS_BLOCK_ASSERTIONS=1";
				PROVISIONING_PROFILE = "";
				SDKROOT = iphoneos;
			};
			name = Release;
		};
		EB3FA30913F9CB59009975E5 /* Debug */ = {
			isa = XCBuildConfiguration;
			buildSettings = {
				ALWAYS_SEARCH_USER_PATHS = YES;
				ARCHS = "$(ARCHS_STANDARD_32_BIT)";
				CLANG_ENABLE_OBJC_ARC = YES;
				COPY_PHASE_STRIP = NO;
				GCC_DYNAMIC_NO_PIC = NO;
				GCC_PRECOMPILE_PREFIX_HEADER = YES;
				GCC_PREFIX_HEADER = "Robos/Robos-Prefix.pch";
				GCC_THUMB_SUPPORT = NO;
				GCC_TREAT_WARNINGS_AS_ERRORS = YES;
				GCC_VERSION = com.apple.compilers.llvm.clang.1_0;
				INFOPLIST_FILE = "Robos/Robos-Info.plist";
				IPHONEOS_DEPLOYMENT_TARGET = 4.3;
				LIBRARY_SEARCH_PATHS = (
					"$(inherited)",
					"\"$(SRCROOT)/iOS\"",
				);
				OTHER_LDFLAGS = "-ObjC";
				PRODUCT_NAME = "$(TARGET_NAME)";
				USER_HEADER_SEARCH_PATHS = "\"$(SRCROOT)/iOS\"/**";
				WRAPPER_EXTENSION = app;
			};
			name = Debug;
		};
		EB3FA30A13F9CB59009975E5 /* Release */ = {
			isa = XCBuildConfiguration;
			buildSettings = {
				ALWAYS_SEARCH_USER_PATHS = YES;
				ARCHS = "$(ARCHS_STANDARD_32_BIT)";
				CLANG_ENABLE_OBJC_ARC = YES;
				COPY_PHASE_STRIP = YES;
				GCC_PRECOMPILE_PREFIX_HEADER = YES;
				GCC_PREFIX_HEADER = "Robos/Robos-Prefix.pch";
				GCC_THUMB_SUPPORT = NO;
				GCC_TREAT_WARNINGS_AS_ERRORS = YES;
				GCC_VERSION = com.apple.compilers.llvm.clang.1_0;
				INFOPLIST_FILE = "Robos/Robos-Info.plist";
				IPHONEOS_DEPLOYMENT_TARGET = 4.3;
				LIBRARY_SEARCH_PATHS = (
					"$(inherited)",
					"\"$(SRCROOT)/iOS\"",
				);
				OTHER_LDFLAGS = "-ObjC";
				PRODUCT_NAME = "$(TARGET_NAME)";
				USER_HEADER_SEARCH_PATHS = "\"$(SRCROOT)/iOS\"/**";
				VALIDATE_PRODUCT = YES;
				WRAPPER_EXTENSION = app;
			};
			name = Release;
		};
/* End XCBuildConfiguration section */

/* Begin XCConfigurationList section */
		EB3FA2E113F9CB59009975E5 /* Build configuration list for PBXProject "Robos" */ = {
			isa = XCConfigurationList;
			buildConfigurations = (
				EB3FA30613F9CB59009975E5 /* Debug */,
				EB3FA30713F9CB59009975E5 /* Release */,
			);
			defaultConfigurationIsVisible = 0;
			defaultConfigurationName = Release;
		};
		EB3FA30813F9CB59009975E5 /* Build configuration list for PBXNativeTarget "Robos" */ = {
			isa = XCConfigurationList;
			buildConfigurations = (
				EB3FA30913F9CB59009975E5 /* Debug */,
				EB3FA30A13F9CB59009975E5 /* Release */,
			);
			defaultConfigurationIsVisible = 0;
			defaultConfigurationName = Release;
		};
/* End XCConfigurationList section */
	};
	rootObject = EB3FA2DE13F9CB59009975E5 /* Project object */;
}
